
Microsoft Visual Studio Solution File, Format Version 12.00
# Visual Studio 14
VisualStudioVersion = 14.0.24720.0
MinimumVisualStudioVersion = 10.0.40219.1
Project("{FAE04EC0-301F-11D3-BF4B-00C04F79EFBC}") = "2GIS.NuClear.Utils.Join", "2GIS.NuClear.Utils.Join\2GIS.NuClear.Utils.Join.csproj", "{17816AB1-46E6-44E4-A491-6BC1D27775B9}"
EndProject
Project("{FAE04EC0-301F-11D3-BF4B-00C04F79EFBC}") = "2GIS.NuClear.Utils.Join.Tests", "2GIS.NuClear.Utils.Join.Tests\2GIS.NuClear.Utils.Join.Tests.csproj", "{A90B9D9C-91BB-4899-BF68-4D75E79DA60A}"
EndProject
Project("{FAE04EC0-301F-11D3-BF4B-00C04F79EFBC}") = "2GIS.NuClear.Utils.Join.Linq2Db.Tests", "2GIS.NuClear.Utils.Join.Linq2Db.Tests\2GIS.NuClear.Utils.Join.Linq2Db.Tests.csproj", "{E3505B14-8E17-41AE-8062-7CE9B3037F3B}"
EndProject
Project("{2150E333-8FDC-42A3-9474-1A3956D46DE8}") = "Packaging", "Packaging", "{F8841CD3-1B09-467B-8079-809E5F4CBAEC}"
EndProject
Project("{FF286327-C783-4F7A-AB73-9BCBAD0D4460}") = "NuClear.Utils.Join", "Packaging\NuClear.Utils.Join\NuClear.Utils.Join.nuproj", "{5634F0C4-3EAC-4B95-B15F-7C9F18F36FD3}"
EndProject
Global
	GlobalSection(SolutionConfigurationPlatforms) = preSolution
		Debug|Any CPU = Debug|Any CPU
		Release|Any CPU = Release|Any CPU
	EndGlobalSection
	GlobalSection(ProjectConfigurationPlatforms) = postSolution
		{17816AB1-46E6-44E4-A491-6BC1D27775B9}.Debug|Any CPU.ActiveCfg = Debug|Any CPU
		{17816AB1-46E6-44E4-A491-6BC1D27775B9}.Debug|Any CPU.Build.0 = Debug|Any CPU
		{17816AB1-46E6-44E4-A491-6BC1D27775B9}.Release|Any CPU.ActiveCfg = Release|Any CPU
		{17816AB1-46E6-44E4-A491-6BC1D27775B9}.Release|Any CPU.Build.0 = Release|Any CPU
		{A90B9D9C-91BB-4899-BF68-4D75E79DA60A}.Debug|Any CPU.ActiveCfg = Debug|Any CPU
		{A90B9D9C-91BB-4899-BF68-4D75E79DA60A}.Debug|Any CPU.Build.0 = Debug|Any CPU
		{A90B9D9C-91BB-4899-BF68-4D75E79DA60A}.Release|Any CPU.ActiveCfg = Release|Any CPU
		{A90B9D9C-91BB-4899-BF68-4D75E79DA60A}.Release|Any CPU.Build.0 = Release|Any CPU
		{E3505B14-8E17-41AE-8062-7CE9B3037F3B}.Debug|Any CPU.ActiveCfg = Debug|Any CPU
		{E3505B14-8E17-41AE-8062-7CE9B3037F3B}.Debug|Any CPU.Build.0 = Debug|Any CPU
		{E3505B14-8E17-41AE-8062-7CE9B3037F3B}.Release|Any CPU.ActiveCfg = Release|Any CPU
		{E3505B14-8E17-41AE-8062-7CE9B3037F3B}.Release|Any CPU.Build.0 = Release|Any CPU
		{5634F0C4-3EAC-4B95-B15F-7C9F18F36FD3}.Debug|Any CPU.ActiveCfg = Debug|Any CPU
		{5634F0C4-3EAC-4B95-B15F-7C9F18F36FD3}.Debug|Any CPU.Build.0 = Debug|Any CPU
		{5634F0C4-3EAC-4B95-B15F-7C9F18F36FD3}.Release|Any CPU.ActiveCfg = Release|Any CPU
		{5634F0C4-3EAC-4B95-B15F-7C9F18F36FD3}.Release|Any CPU.Build.0 = Release|Any CPU
	EndGlobalSection
	GlobalSection(SolutionProperties) = preSolution
		HideSolutionNode = FALSE
	EndGlobalSection
	GlobalSection(NestedProjects) = preSolution
		{5634F0C4-3EAC-4B95-B15F-7C9F18F36FD3} = {F8841CD3-1B09-467B-8079-809E5F4CBAEC}
	EndGlobalSection
EndGlobal
